Microsoft Visual Studio Solution File, Format Version 12.00
# Visual Studio Version 17
VisualStudioVersion = 17.5.2.0
MinimumVisualStudioVersion = 10.0.40219.1
Project("{FAE04EC0-301F-11D3-BF4B-00C04F79EFBC}") = "SistemaFuncionarios", "SistemaFuncionarios.csproj", "{96A7A7FC-F01E-9B49-C419-673DE7306D61}"
EndProject
Global
	GlobalSection(SolutionConfigurationPlatforms) = preSolution
		Debug|Any CPU = Debug|Any CPU
		Release|Any CPU = Release|Any CPU
	EndGlobalSection
	GlobalSection(ProjectConfigurationPlatforms) = postSolution
		{96A7A7FC-F01E-9B49-C419-673DE7306D61}.Debug|Any CPU.ActiveCfg = Debug|Any CPU
		{96A7A7FC-F01E-9B49-C419-673DE7306D61}.Debug|Any CPU.Build.0 = Debug|Any CPU
		{96A7A7FC-F01E-9B49-C419-673DE7306D61}.Release|Any CPU.ActiveCfg = Release|Any CPU
		{96A7A7FC-F01E-9B49-C419-673DE7306D61}.Release|Any CPU.Build.0 = Release|Any CPU
	EndGlobalSection
	GlobalSection(SolutionProperties) = preSolution
		HideSolutionNode = FALSE
	EndGlobalSection
	GlobalSection(ExtensibilityGlobals) = postSolution
		SolutionGuid = {82B75C22-F0CC-4807-AA50-8DC2828E1D74}
	EndGlobalSection
EndGlobal
